// !$*UTF8*$!
{
	archiveVersion = 1;
	classes = {
	};
	objectVersion = 50;
	objects = {

/* Begin PBXBuildFile section */
		F42F937423E9C72E0074BD1F /* NothingFoundCell.xib in Resources */ = {isa = PBXBuildFile; fileRef = F42F937623E9C72E0074BD1F /* NothingFoundCell.xib */; };
		F42F937823E9CFD30074BD1F /* LoadingCell.xib in Resources */ = {isa = PBXBuildFile; fileRef = F42F937A23E9CFD30074BD1F /* LoadingCell.xib */; };
		F42FC1C723E56EC100E5069E /* FadeOutAnimationController.swift in Sources */ = {isa = PBXBuildFile; fileRef = F42FC1C623E56EC100E5069E /* FadeOutAnimationController.swift */; };
		F450DA8523E30AB80051FB59 /* GradientView.swift in Sources */ = {isa = PBXBuildFile; fileRef = F450DA8423E30AB80051FB59 /* GradientView.swift */; };
		F450DA8723E310750051FB59 /* BounceAnimationController.swift in Sources */ = {isa = PBXBuildFile; fileRef = F450DA8623E310750051FB59 /* BounceAnimationController.swift */; };
		F450DA8923E316A30051FB59 /* SlideOutAnimationController.swift in Sources */ = {isa = PBXBuildFile; fileRef = F450DA8823E316A30051FB59 /* SlideOutAnimationController.swift */; };
		F450DA8B23E33BB20051FB59 /* LandscapeViewController.swift in Sources */ = {isa = PBXBuildFile; fileRef = F450DA8A23E33BB20051FB59 /* LandscapeViewController.swift */; };
		F472839723CE3F450017E7AA /* SearchResult.swift in Sources */ = {isa = PBXBuildFile; fileRef = F472839623CE3F450017E7AA /* SearchResult.swift */; };
		F4794C4623EB0F04007A38A6 /* SearchResultCell.xib in Resources */ = {isa = PBXBuildFile; fileRef = F4794C4823EB0F04007A38A6 /* SearchResultCell.xib */; };
		F4794C4D23EB1542007A38A6 /* Localizable.strings in Resources */ = {isa = PBXBuildFile; fileRef = F4794C4F23EB1542007A38A6 /* Localizable.strings */; };
		F4794C5223EC2750007A38A6 /* InfoPlist.strings in Resources */ = {isa = PBXBuildFile; fileRef = F4794C5423EC2750007A38A6 /* InfoPlist.strings */; };
		F4A4B07523EECDC1004A06B8 /* MenuViewController.swift in Sources */ = {isa = PBXBuildFile; fileRef = F4A4B07423EECDC1004A06B8 /* MenuViewController.swift */; };
		F4AEBBBE23F062EF00DBAF6A /* Main2.storyboard in Resources */ = {isa = PBXBuildFile; fileRef = F4AEBBC023F062EF00DBAF6A /* Main2.storyboard */; };
		F4E2C9F023CF299C0033AE90 /* SearchResultCell.swift in Sources */ = {isa = PBXBuildFile; fileRef = F4E2C9EF23CF299C0033AE90 /* SearchResultCell.swift */; };
		F4ECF91523D8DD05005AA92E /* DimmingPresentationController.swift in Sources */ = {isa = PBXBuildFile; fileRef = F4ECF91423D8DD05005AA92E /* DimmingPresentationController.swift */; };
		F4F0C71B23E6FADC00D0D61D /* Search.swift in Sources */ = {isa = PBXBuildFile; fileRef = F4F0C71A23E6FADC00D0D61D /* Search.swift */; };
		F4F855FE23D708AF000E7C87 /* UIImageView+DownloadImage.swift in Sources */ = {isa = PBXBuildFile; fileRef = F4F855FD23D708AF000E7C87 /* UIImageView+DownloadImage.swift */; };
		F4F8560123D74764000E7C87 /* DetailViewController.swift in Sources */ = {isa = PBXBuildFile; fileRef = F4F8560023D74764000E7C87 /* DetailViewController.swift */; };
		F4FFE30623CCC7AD00699A73 /* AppDelegate.swift in Sources */ = {isa = PBXBuildFile; fileRef = F4FFE30523CCC7AD00699A73 /* AppDelegate.swift */; };
		F4FFE30823CCC7AD00699A73 /* SceneDelegate.swift in Sources */ = {isa = PBXBuildFile; fileRef = F4FFE30723CCC7AD00699A73 /* SceneDelegate.swift */; };
		F4FFE30A23CCC7AD00699A73 /* SearchViewController.swift in Sources */ = {isa = PBXBuildFile; fileRef = F4FFE30923CCC7AD00699A73 /* SearchViewController.swift */; };
		F4FFE30F23CCC7AF00699A73 /* Assets.xcassets in Resources */ = {isa = PBXBuildFile; fileRef = F4FFE30E23CCC7AF00699A73 /* Assets.xcassets */; };
/* End PBXBuildFile section */

/* Begin PBXFileReference section */
		F42F937523E9C72E0074BD1F /* en */ = {isa = PBXFileReference; lastKnownFileType = file.xib; name = en; path = en.lproj/NothingFoundCell.xib; sourceTree = "<group>"; };
		F42F937723E9C9550074BD1F /* nl */ = {isa = PBXFileReference; lastKnownFileType = file.xib; name = nl; path = nl.lproj/NothingFoundCell.xib; sourceTree = "<group>"; };
		F42F937923E9CFD30074BD1F /* Base */ = {isa = PBXFileReference; lastKnownFileType = file.xib; name = Base; path = Base.lproj/LoadingCell.xib; sourceTree = "<group>"; };
		F42F937C23E9D2300074BD1F /* nl */ = {isa = PBXFileReference; lastKnownFileType = text.plist.strings; name = nl; path = nl.lproj/LoadingCell.strings; sourceTree = "<group>"; };
		F42FC1C623E56EC100E5069E /* FadeOutAnimationController.swift */ = {isa = PBXFileReference; lastKnownFileType = sourcecode.swift; path = FadeOutAnimationController.swift; sourceTree = "<group>"; };
		F450DA8423E30AB80051FB59 /* GradientView.swift */ = {isa = PBXFileReference; lastKnownFileType = sourcecode.swift; path = GradientView.swift; sourceTree = "<group>"; };
		F450DA8623E310750051FB59 /* BounceAnimationController.swift */ = {isa = PBXFileReference; lastKnownFileType = sourcecode.swift; path = BounceAnimationController.swift; sourceTree = "<group>"; };
		F450DA8823E316A30051FB59 /* SlideOutAnimationController.swift */ = {isa = PBXFileReference; lastKnownFileType = sourcecode.swift; path = SlideOutAnimationController.swift; sourceTree = "<group>"; };
		F450DA8A23E33BB20051FB59 /* LandscapeViewController.swift */ = {isa = PBXFileReference; lastKnownFileType = sourcecode.swift; path = LandscapeViewController.swift; sourceTree = "<group>"; };
		F472839623CE3F450017E7AA /* SearchResult.swift */ = {isa = PBXFileReference; lastKnownFileType = sourcecode.swift; path = SearchResult.swift; sourceTree = "<group>"; };
		F4794C4723EB0F04007A38A6 /* Base */ = {isa = PBXFileReference; lastKnownFileType = file.xib; name = Base; path = Base.lproj/SearchResultCell.xib; sourceTree = "<group>"; };
		F4794C4E23EB1542007A38A6 /* en */ = {isa = PBXFileReference; lastKnownFileType = text.plist.strings; name = en; path = en.lproj/Localizable.strings; sourceTree = "<group>"; };
		F4794C5323EC2750007A38A6 /* en */ = {isa = PBXFileReference; lastKnownFileType = text.plist.strings; name = en; path = en.lproj/InfoPlist.strings; sourceTree = "<group>"; };
		F4794C5523EC2758007A38A6 /* nl */ = {isa = PBXFileReference; lastKnownFileType = text.plist.strings; name = nl; path = nl.lproj/InfoPlist.strings; sourceTree = "<group>"; };
		F4A4B07423EECDC1004A06B8 /* MenuViewController.swift */ = {isa = PBXFileReference; lastKnownFileType = sourcecode.swift; path = MenuViewController.swift; sourceTree = "<group>"; };
		F4AEBBBF23F062EF00DBAF6A /* Base */ = {isa = PBXFileReference; lastKnownFileType = file.storyboard; name = Base; path = Base.lproj/Main2.storyboard; sourceTree = "<group>"; };
		F4AEBBC223F062F400DBAF6A /* nl */ = {isa = PBXFileReference; lastKnownFileType = text.plist.strings; name = nl; path = nl.lproj/Main2.strings; sourceTree = "<group>"; };
		F4E2C9EF23CF299C0033AE90 /* SearchResultCell.swift */ = {isa = PBXFileReference; lastKnownFileType = sourcecode.swift; path = SearchResultCell.swift; sourceTree = "<group>"; };
		F4ECF91423D8DD05005AA92E /* DimmingPresentationController.swift */ = {isa = PBXFileReference; lastKnownFileType = sourcecode.swift; path = DimmingPresentationController.swift; sourceTree = "<group>"; };
		F4F0C71A23E6FADC00D0D61D /* Search.swift */ = {isa = PBXFileReference; lastKnownFileType = sourcecode.swift; path = Search.swift; sourceTree = "<group>"; };
		F4F855FD23D708AF000E7C87 /* UIImageView+DownloadImage.swift */ = {isa = PBXFileReference; lastKnownFileType = sourcecode.swift; path = "UIImageView+DownloadImage.swift"; sourceTree = "<group>"; };
		F4F8560023D74764000E7C87 /* DetailViewController.swift */ = {isa = PBXFileReference; lastKnownFileType = sourcecode.swift; path = DetailViewController.swift; sourceTree = "<group>"; };
		F4FFE30223CCC7AD00699A73 /* StoreSearch.app */ = {isa = PBXFileReference; explicitFileType = wrapper.application; includeInIndex = 0; path = StoreSearch.app; sourceTree = BUILT_PRODUCTS_DIR; };
		F4FFE30523CCC7AD00699A73 /* AppDelegate.swift */ = {isa = PBXFileReference; lastKnownFileType = sourcecode.swift; path = AppDelegate.swift; sourceTree = "<group>"; };
		F4FFE30723CCC7AD00699A73 /* SceneDelegate.swift */ = {isa = PBXFileReference; lastKnownFileType = sourcecode.swift; path = SceneDelegate.swift; sourceTree = "<group>"; };
		F4FFE30923CCC7AD00699A73 /* SearchViewController.swift */ = {isa = PBXFileReference; lastKnownFileType = sourcecode.swift; path = SearchViewController.swift; sourceTree = "<group>"; };
		F4FFE30E23CCC7AF00699A73 /* Assets.xcassets */ = {isa = PBXFileReference; lastKnownFileType = folder.assetcatalog; path = Assets.xcassets; sourceTree = "<group>"; };
		F4FFE31323CCC7AF00699A73 /* Info.plist */ = {isa = PBXFileReference; lastKnownFileType = text.plist.xml; path = Info.plist; sourceTree = "<group>"; };
/* End PBXFileReference section */

/* Begin PBXFrameworksBuildPhase section */
		F4FFE2FF23CCC7AD00699A73 /* Frameworks */ = {
			isa = PBXFrameworksBuildPhase;
			buildActionMask = 2147483647;
			files = (
			);
			runOnlyForDeploymentPostprocessing = 0;
		};
/* End PBXFrameworksBuildPhase section */

/* Begin PBXGroup section */
		F4E2C9ED23CED50C0033AE90 /* Support Files */ = {
			isa = PBXGroup;
			children = (
				F4FFE30E23CCC7AF00699A73 /* Assets.xcassets */,
				F4FFE31323CCC7AF00699A73 /* Info.plist */,
				F4FFE30523CCC7AD00699A73 /* AppDelegate.swift */,
				F4FFE30723CCC7AD00699A73 /* SceneDelegate.swift */,
				F4F855FD23D708AF000E7C87 /* UIImageView+DownloadImage.swift */,
				F4794C4F23EB1542007A38A6 /* Localizable.strings */,
				F4794C5423EC2750007A38A6 /* InfoPlist.strings */,
			);
			path = "Support Files";
			sourceTree = "<group>";
		};
		F4E2C9EE23CED6040033AE90 /* Views */ = {
			isa = PBXGroup;
			children = (
				F4AEBBC023F062EF00DBAF6A /* Main2.storyboard */,
				F42F937A23E9CFD30074BD1F /* LoadingCell.xib */,
				F42F937623E9C72E0074BD1F /* NothingFoundCell.xib */,
				F4794C4823EB0F04007A38A6 /* SearchResultCell.xib */,
				F4E2C9EF23CF299C0033AE90 /* SearchResultCell.swift */,
			);
			path = Views;
			sourceTree = "<group>";
		};
		F4F855FF23D74724000E7C87 /* Models */ = {
			isa = PBXGroup;
			children = (
				F450DA8423E30AB80051FB59 /* GradientView.swift */,
				F4ECF91423D8DD05005AA92E /* DimmingPresentationController.swift */,
				F450DA8623E310750051FB59 /* BounceAnimationController.swift */,
				F450DA8823E316A30051FB59 /* SlideOutAnimationController.swift */,
				F42FC1C623E56EC100E5069E /* FadeOutAnimationController.swift */,
				F4F0C71A23E6FADC00D0D61D /* Search.swift */,
				F472839623CE3F450017E7AA /* SearchResult.swift */,
			);
			path = Models;
			sourceTree = "<group>";
		};
		F4F8560223D7476D000E7C87 /* Controllers */ = {
			isa = PBXGroup;
			children = (
				F4F8560023D74764000E7C87 /* DetailViewController.swift */,
				F4A4B07423EECDC1004A06B8 /* MenuViewController.swift */,
				F4FFE30923CCC7AD00699A73 /* SearchViewController.swift */,
				F450DA8A23E33BB20051FB59 /* LandscapeViewController.swift */,
			);
			path = Controllers;
			sourceTree = "<group>";
		};
		F4FFE2F923CCC7AD00699A73 = {
			isa = PBXGroup;
			children = (
				F4FFE30423CCC7AD00699A73 /* StoreSearch */,
				F4FFE30323CCC7AD00699A73 /* Products */,
			);
			sourceTree = "<group>";
		};
		F4FFE30323CCC7AD00699A73 /* Products */ = {
			isa = PBXGroup;
			children = (
				F4FFE30223CCC7AD00699A73 /* StoreSearch.app */,
			);
			name = Products;
			sourceTree = "<group>";
		};
		F4FFE30423CCC7AD00699A73 /* StoreSearch */ = {
			isa = PBXGroup;
			children = (
				F4E2C9ED23CED50C0033AE90 /* Support Files */,
				F4E2C9EE23CED6040033AE90 /* Views */,
				F4F8560223D7476D000E7C87 /* Controllers */,
				F4F855FF23D74724000E7C87 /* Models */,
			);
			path = StoreSearch;
			sourceTree = "<group>";
		};
/* End PBXGroup section */

/* Begin PBXNativeTarget section */
		F4FFE30123CCC7AD00699A73 /* StoreSearch */ = {
			isa = PBXNativeTarget;
			buildConfigurationList = F4FFE31623CCC7AF00699A73 /* Build configuration list for PBXNativeTarget "StoreSearch" */;
			buildPhases = (
				F4FFE2FE23CCC7AD00699A73 /* Sources */,
				F4FFE2FF23CCC7AD00699A73 /* Frameworks */,
				F4FFE30023CCC7AD00699A73 /* Resources */,
			);
			buildRules = (
			);
			dependencies = (
			);
			name = StoreSearch;
			productName = StoreSearch;
			productReference = F4FFE30223CCC7AD00699A73 /* StoreSearch.app */;
			productType = "com.apple.product-type.application";
		};
/* End PBXNativeTarget section */

/* Begin PBXProject section */
		F4FFE2FA23CCC7AD00699A73 /* Project object */ = {
			isa = PBXProject;
			attributes = {
				LastSwiftUpdateCheck = 1130;
				LastUpgradeCheck = 1130;
				ORGANIZATIONNAME = Lyfebug;
				TargetAttributes = {
					F4FFE30123CCC7AD00699A73 = {
						CreatedOnToolsVersion = 11.3;
					};
				};
			};
			buildConfigurationList = F4FFE2FD23CCC7AD00699A73 /* Build configuration list for PBXProject "StoreSearch" */;
			compatibilityVersion = "Xcode 9.3";
			developmentRegion = en;
			hasScannedForEncodings = 0;
			knownRegions = (
				en,
				Base,
				nl,
			);
			mainGroup = F4FFE2F923CCC7AD00699A73;
			productRefGroup = F4FFE30323CCC7AD00699A73 /* Products */;
			projectDirPath = "";
			projectRoot = "";
			targets = (
				F4FFE30123CCC7AD00699A73 /* StoreSearch */,
			);
		};
/* End PBXProject section */

/* Begin PBXResourcesBuildPhase section */
		F4FFE30023CCC7AD00699A73 /* Resources */ = {
			isa = PBXResourcesBuildPhase;
			buildActionMask = 2147483647;
			files = (
				F4FFE30F23CCC7AF00699A73 /* Assets.xcassets in Resources */,
				F4794C5223EC2750007A38A6 /* InfoPlist.strings in Resources */,
				F4794C4D23EB1542007A38A6 /* Localizable.strings in Resources */,
				F42F937823E9CFD30074BD1F /* LoadingCell.xib in Resources */,
				F4794C4623EB0F04007A38A6 /* SearchResultCell.xib in Resources */,
				F42F937423E9C72E0074BD1F /* NothingFoundCell.xib in Resources */,
				F4AEBBBE23F062EF00DBAF6A /* Main2.storyboard in Resources */,
			);
			runOnlyForDeploymentPostprocessing = 0;
		};
/* End PBXResourcesBuildPhase section */

/* Begin PBXSourcesBuildPhase section */
		F4FFE2FE23CCC7AD00699A73 /* Sources */ = {
			isa = PBXSourcesBuildPhase;
			buildActionMask = 2147483647;
			files = (
				F4FFE30A23CCC7AD00699A73 /* SearchViewController.swift in Sources */,
				F4FFE30623CCC7AD00699A73 /* AppDelegate.swift in Sources */,
				F4F855FE23D708AF000E7C87 /* UIImageView+DownloadImage.swift in Sources */,
				F4ECF91523D8DD05005AA92E /* DimmingPresentationController.swift in Sources */,
				F450DA8723E310750051FB59 /* BounceAnimationController.swift in Sources */,
				F472839723CE3F450017E7AA /* SearchResult.swift in Sources */,
				F4FFE30823CCC7AD00699A73 /* SceneDelegate.swift in Sources */,
				F4E2C9F023CF299C0033AE90 /* SearchResultCell.swift in Sources */,
				F450DA8B23E33BB20051FB59 /* LandscapeViewController.swift in Sources */,
				F42FC1C723E56EC100E5069E /* FadeOutAnimationController.swift in Sources */,
				F450DA8923E316A30051FB59 /* SlideOutAnimationController.swift in Sources */,
				F4F8560123D74764000E7C87 /* DetailViewController.swift in Sources */,
				F450DA8523E30AB80051FB59 /* GradientView.swift in Sources */,
				F4F0C71B23E6FADC00D0D61D /* Search.swift in Sources */,
				F4A4B07523EECDC1004A06B8 /* MenuViewController.swift in Sources */,
			);
			runOnlyForDeploymentPostprocessing = 0;
		};
/* End PBXSourcesBuildPhase section */

/* Begin PBXVariantGroup section */
		F42F937623E9C72E0074BD1F /* NothingFoundCell.xib */ = {
			isa = PBXVariantGroup;
			children = (
				F42F937523E9C72E0074BD1F /* en */,
				F42F937723E9C9550074BD1F /* nl */,
			);
			name = NothingFoundCell.xib;
			sourceTree = "<group>";
		};
		F42F937A23E9CFD30074BD1F /* LoadingCell.xib */ = {
			isa = PBXVariantGroup;
			children = (
				F42F937923E9CFD30074BD1F /* Base */,
				F42F937C23E9D2300074BD1F /* nl */,
			);
			name = LoadingCell.xib;
			sourceTree = "<group>";
		};
		F4794C4823EB0F04007A38A6 /* SearchResultCell.xib */ = {
			isa = PBXVariantGroup;
			children = (
				F4794C4723EB0F04007A38A6 /* Base */,
			);
			name = SearchResultCell.xib;
			sourceTree = "<group>";
		};
		F4794C4F23EB1542007A38A6 /* Localizable.strings */ = {
			isa = PBXVariantGroup;
			children = (
				F4794C4E23EB1542007A38A6 /* en */,
			);
			name = Localizable.strings;
			sourceTree = "<group>";
		};
		F4794C5423EC2750007A38A6 /* InfoPlist.strings */ = {
			isa = PBXVariantGroup;
			children = (
				F4794C5323EC2750007A38A6 /* en */,
				F4794C5523EC2758007A38A6 /* nl */,
			);
			name = InfoPlist.strings;
			sourceTree = "<group>";
		};
		F4AEBBC023F062EF00DBAF6A /* Main2.storyboard */ = {
			isa = PBXVariantGroup;
			children = (
				F4AEBBBF23F062EF00DBAF6A /* Base */,
				F4AEBBC223F062F400DBAF6A /* nl */,
			);
			name = Main2.storyboard;
			sourceTree = "<group>";
		};
/* End PBXVariantGroup section */

/* Begin XCBuildConfiguration section */
		F4FFE31423CCC7AF00699A73 /* Debug */ = {
			isa = XCBuildConfiguration;
			buildSettings = {
				ALWAYS_SEARCH_USER_PATHS = NO;
				CLANG_ANALYZER_LOCALIZABILITY_NONLOCALIZED = YES;
				CLANG_ANALYZER_NONNULL = YES;
				CLANG_ANALYZER_NUMBER_OBJECT_CONVERSION = YES_AGGRESSIVE;
				CLANG_CXX_LANGUAGE_STANDARD = "gnu++14";
				CLANG_CXX_LIBRARY = "libc++";
				CLANG_ENABLE_MODULES = YES;
				CLANG_ENABLE_OBJC_ARC = YES;
				CLANG_ENABLE_OBJC_WEAK = YES;
				CLANG_WARN_BLOCK_CAPTURE_AUTORELEASING = YES;
				CLANG_WARN_BOOL_CONVERSION = YES;
				CLANG_WARN_COMMA = YES;
				CLANG_WARN_CONSTANT_CONVERSION = YES;
				CLANG_WARN_DEPRECATED_OBJC_IMPLEMENTATIONS = YES;
				CLANG_WARN_DIRECT_OBJC_ISA_USAGE = YES_ERROR;
				CLANG_WARN_DOCUMENTATION_COMMENTS = YES;
				CLANG_WARN_EMPTY_BODY = YES;
				CLANG_WARN_ENUM_CONVERSION = YES;
				CLANG_WARN_INFINITE_RECURSION = YES;
				CLANG_WARN_INT_CONVERSION = YES;
				CLANG_WARN_NON_LITERAL_NULL_CONVERSION = YES;
				CLANG_WARN_OBJC_IMPLICIT_RETAIN_SELF = YES;
				CLANG_WARN_OBJC_LITERAL_CONVERSION = YES;
				CLANG_WARN_OBJC_ROOT_CLASS = YES_ERROR;
				CLANG_WARN_RANGE_LOOP_ANALYSIS = YES;
				CLANG_WARN_STRICT_PROTOTYPES = YES;
				CLANG_WARN_SUSPICIOUS_MOVE = YES;
				CLANG_WARN_UNGUARDED_AVAILABILITY = YES_AGGRESSIVE;
				CLANG_WARN_UNREACHABLE_CODE = YES;
				CLANG_WARN__DUPLICATE_METHOD_MATCH = YES;
				COPY_PHASE_STRIP = NO;
				DEBUG_INFORMATION_FORMAT = dwarf;
				ENABLE_STRICT_OBJC_MSGSEND = YES;
				ENABLE_TESTABILITY = YES;
				GCC_C_LANGUAGE_STANDARD = gnu11;
				GCC_DYNAMIC_NO_PIC = NO;
				GCC_NO_COMMON_BLOCKS = YES;
				GCC_OPTIMIZATION_LEVEL = 0;
				GCC_PREPROCESSOR_DEFINITIONS = (
					"DEBUG=1",
					"$(inherited)",
				);
				GCC_WARN_64_TO_32_BIT_CONVERSION = YES;
				GCC_WARN_ABOUT_RETURN_TYPE = YES_ERROR;
				GCC_WARN_UNDECLARED_SELECTOR = YES;
				GCC_WARN_UNINITIALIZED_AUTOS = YES_AGGRESSIVE;
				GCC_WARN_UNUSED_FUNCTION = YES;
				GCC_WARN_UNUSED_VARIABLE = YES;
				IPHONEOS_DEPLOYMENT_TARGET = 13.2;
				MTL_ENABLE_DEBUG_INFO = INCLUDE_SOURCE;
				MTL_FAST_MATH = YES;
				ONLY_ACTIVE_ARCH = YES;
				SDKROOT = iphoneos;
				SWIFT_ACTIVE_COMPILATION_CONDITIONS = DEBUG;
				SWIFT_OPTIMIZATION_LEVEL = "-Onone";
			};
			name = Debug;
		};
		F4FFE31523CCC7AF00699A73 /* Release */ = {
			isa = XCBuildConfiguration;
			buildSettings = {
				ALWAYS_SEARCH_USER_PATHS = NO;
				CLANG_ANALYZER_LOCALIZABILITY_NONLOCALIZED = YES;
				CLANG_ANALYZER_NONNULL = YES;
				CLANG_ANALYZER_NUMBER_OBJECT_CONVERSION = YES_AGGRESSIVE;
				CLANG_CXX_LANGUAGE_STANDARD = "gnu++14";
				CLANG_CXX_LIBRARY = "libc++";
				CLANG_ENABLE_MODULES = YES;
				CLANG_ENABLE_OBJC_ARC = YES;
				CLANG_ENABLE_OBJC_WEAK = YES;
				CLANG_WARN_BLOCK_CAPTURE_AUTORELEASING = YES;
				CLANG_WARN_BOOL_CONVERSION = YES;
				CLANG_WARN_COMMA = YES;
				CLANG_WARN_CONSTANT_CONVERSION = YES;
				CLANG_WARN_DEPRECATED_OBJC_IMPLEMENTATIONS = YES;
				CLANG_WARN_DIRECT_OBJC_ISA_USAGE = YES_ERROR;
				CLANG_WARN_DOCUMENTATION_COMMENTS = YES;
				CLANG_WARN_EMPTY_BODY = YES;
				CLANG_WARN_ENUM_CONVERSION = YES;
				CLANG_WARN_INFINITE_RECURSION = YES;
				CLANG_WARN_INT_CONVERSION = YES;
				CLANG_WARN_NON_LITERAL_NULL_CONVERSION = YES;
				CLANG_WARN_OBJC_IMPLICIT_RETAIN_SELF = YES;
				CLANG_WARN_OBJC_LITERAL_CONVERSION = YES;
				CLANG_WARN_OBJC_ROOT_CLASS = YES_ERROR;
				CLANG_WARN_RANGE_LOOP_ANALYSIS = YES;
				CLANG_WARN_STRICT_PROTOTYPES = YES;
				CLANG_WARN_SUSPICIOUS_MOVE = YES;
				CLANG_WARN_UNGUARDED_AVAILABILITY = YES_AGGRESSIVE;
				CLANG_WARN_UNREACHABLE_CODE = YES;
				CLANG_WARN__DUPLICATE_METHOD_MATCH = YES;
				COPY_PHASE_STRIP = NO;
				DEBUG_INFORMATION_FORMAT = "dwarf-with-dsym";
				ENABLE_NS_ASSERTIONS = NO;
				ENABLE_STRICT_OBJC_MSGSEND = YES;
				GCC_C_LANGUAGE_STANDARD = gnu11;
				GCC_NO_COMMON_BLOCKS = YES;
				GCC_WARN_64_TO_32_BIT_CONVERSION = YES;
				GCC_WARN_ABOUT_RETURN_TYPE = YES_ERROR;
				GCC_WARN_UNDECLARED_SELECTOR = YES;
				GCC_WARN_UNINITIALIZED_AUTOS = YES_AGGRESSIVE;
				GCC_WARN_UNUSED_FUNCTION = YES;
				GCC_WARN_UNUSED_VARIABLE = YES;
				IPHONEOS_DEPLOYMENT_TARGET = 13.2;
				MTL_ENABLE_DEBUG_INFO = NO;
				MTL_FAST_MATH = YES;
				SDKROOT = iphoneos;
				SWIFT_COMPILATION_MODE = wholemodule;
				SWIFT_OPTIMIZATION_LEVEL = "-O";
				VALIDATE_PRODUCT = YES;
			};
			name = Release;
		};
		F4FFE31723CCC7AF00699A73 /* Debug */ = {
			isa = XCBuildConfiguration;
			buildSettings = {
				ASSETCATALOG_COMPILER_APPICON_NAME = AppIcon;
				CODE_SIGN_STYLE = Automatic;
				DEVELOPMENT_TEAM = L3F6RMQTHU;
				INFOPLIST_FILE = "StoreSearch/Support Files/Info.plist";
				LD_RUNPATH_SEARCH_PATHS = (
					"$(inherited)",
					"@executable_path/Frameworks",
				);
				PRODUCT_BUNDLE_IDENTIFIER = com.lyfebug.StoreSearch;
				PRODUCT_NAME = "$(TARGET_NAME)";
				SWIFT_VERSION = 5.0;
				TARGETED_DEVICE_FAMILY = "1,2";
			};
			name = Debug;
		};
		F4FFE31823CCC7AF00699A73 /* Release */ = {
			isa = XCBuildConfiguration;
			buildSettings = {
				ASSETCATALOG_COMPILER_APPICON_NAME = AppIcon;
				CODE_SIGN_STYLE = Automatic;
				DEVELOPMENT_TEAM = L3F6RMQTHU;
				INFOPLIST_FILE = "StoreSearch/Support Files/Info.plist";
				LD_RUNPATH_SEARCH_PATHS = (
					"$(inherited)",
					"@executable_path/Frameworks",
				);
				PRODUCT_BUNDLE_IDENTIFIER = com.lyfebug.StoreSearch;
				PRODUCT_NAME = "$(TARGET_NAME)";
				SWIFT_VERSION = 5.0;
				TARGETED_DEVICE_FAMILY = "1,2";
			};
			name = Release;
		};
/* End XCBuildConfiguration section */

/* Begin XCConfigurationList section */
		F4FFE2FD23CCC7AD00699A73 /* Build configuration list for PBXProject "StoreSearch" */ = {
			isa = XCConfigurationList;
			buildConfigurations = (
				F4FFE31423CCC7AF00699A73 /* Debug */,
				F4FFE31523CCC7AF00699A73 /* Release */,
			);
			defaultConfigurationIsVisible = 0;
			defaultConfigurationName = Release;
		};
		F4FFE31623CCC7AF00699A73 /* Build configuration list for PBXNativeTarget "StoreSearch" */ = {
			isa = XCConfigurationList;
			buildConfigurations = (
				F4FFE31723CCC7AF00699A73 /* Debug */,
				F4FFE31823CCC7AF00699A73 /* Release */,
			);
			defaultConfigurationIsVisible = 0;
			defaultConfigurationName = Release;
		};
/* End XCConfigurationList section */
	};
	rootObject = F4FFE2FA23CCC7AD00699A73 /* Project object */;
}
