// !$*UTF8*$!
{
	archiveVersion = 1;
	classes = {
	};
	objectVersion = 50;
	objects = {

/* Begin PBXBuildFile section */
		F458F59E23B0F24F0003180E /* AppDelegate.swift in Sources */ = {isa = PBXBuildFile; fileRef = F458F59D23B0F24F0003180E /* AppDelegate.swift */; };
		F458F5A023B0F24F0003180E /* SceneDelegate.swift in Sources */ = {isa = PBXBuildFile; fileRef = F458F59F23B0F24F0003180E /* SceneDelegate.swift */; };
		F458F5A223B0F24F0003180E /* ViewController.swift in Sources */ = {isa = PBXBuildFile; fileRef = F458F5A123B0F24F0003180E /* ViewController.swift */; };
		F458F5A523B0F24F0003180E /* Main.storyboard in Resources */ = {isa = PBXBuildFile; fileRef = F458F5A323B0F24F0003180E /* Main.storyboard */; };
		F458F5A723B0F2530003180E /* Assets.xcassets in Resources */ = {isa = PBXBuildFile; fileRef = F458F5A623B0F2530003180E /* Assets.xcassets */; };
		F458F5AA23B0F2530003180E /* LaunchScreen.storyboard in Resources */ = {isa = PBXBuildFile; fileRef = F458F5A823B0F2530003180E /* LaunchScreen.storyboard */; };
		F458F5B223B4F32A0003180E /* AboutViewController.swift in Sources */ = {isa = PBXBuildFile; fileRef = F458F5B123B4F32A0003180E /* AboutViewController.swift */; };
		F458F5B423B5073A0003180E /* Bullseye.html in Resources */ = {isa = PBXBuildFile; fileRef = F458F5B323B507390003180E /* Bullseye.html */; };
		F458F5B723B507D80003180E /* WebKit.framework in Frameworks */ = {isa = PBXBuildFile; fileRef = F458F5B623B507D80003180E /* WebKit.framework */; };
/* End PBXBuildFile section */

/* Begin PBXFileReference section */
		F458F59A23B0F24F0003180E /* Bullseye.app */ = {isa = PBXFileReference; explicitFileType = wrapper.application; includeInIndex = 0; path = Bullseye.app; sourceTree = BUILT_PRODUCTS_DIR; };
		F458F59D23B0F24F0003180E /* AppDelegate.swift */ = {isa = PBXFileReference; lastKnownFileType = sourcecode.swift; path = AppDelegate.swift; sourceTree = "<group>"; };
		F458F59F23B0F24F0003180E /* SceneDelegate.swift */ = {isa = PBXFileReference; lastKnownFileType = sourcecode.swift; path = SceneDelegate.swift; sourceTree = "<group>"; };
		F458F5A123B0F24F0003180E /* ViewController.swift */ = {isa = PBXFileReference; lastKnownFileType = sourcecode.swift; path = ViewController.swift; sourceTree = "<group>"; };
		F458F5A423B0F24F0003180E /* Base */ = {isa = PBXFileReference; lastKnownFileType = file.storyboard; name = Base; path = Base.lproj/Main.storyboard; sourceTree = "<group>"; };
		F458F5A623B0F2530003180E /* Assets.xcassets */ = {isa = PBXFileReference; lastKnownFileType = folder.assetcatalog; path = Assets.xcassets; sourceTree = "<group>"; };
		F458F5A923B0F2530003180E /* Base */ = {isa = PBXFileReference; lastKnownFileType = file.storyboard; name = Base; path = Base.lproj/LaunchScreen.storyboard; sourceTree = "<group>"; };
		F458F5AB23B0F2530003180E /* Info.plist */ = {isa = PBXFileReference; lastKnownFileType = text.plist.xml; path = Info.plist; sourceTree = "<group>"; };
		F458F5B123B4F32A0003180E /* AboutViewController.swift */ = {isa = PBXFileReference; lastKnownFileType = sourcecode.swift; path = AboutViewController.swift; sourceTree = "<group>"; };
		F458F5B323B507390003180E /* Bullseye.html */ = {isa = PBXFileReference; fileEncoding = 4; lastKnownFileType = text.html; path = Bullseye.html; sourceTree = "<group>"; };
		F458F5B623B507D80003180E /* WebKit.framework */ = {isa = PBXFileReference; lastKnownFileType = wrapper.framework; name = WebKit.framework; path = System/Library/Frameworks/WebKit.framework; sourceTree = SDKROOT; };
/* End PBXFileReference section */

/* Begin PBXFrameworksBuildPhase section */
		F458F59723B0F24F0003180E /* Frameworks */ = {
			isa = PBXFrameworksBuildPhase;
			buildActionMask = 2147483647;
			files = (
				F458F5B723B507D80003180E /* WebKit.framework in Frameworks */,
			);
			runOnlyForDeploymentPostprocessing = 0;
		};
/* End PBXFrameworksBuildPhase section */

/* Begin PBXGroup section */
		F458F59123B0F24F0003180E = {
			isa = PBXGroup;
			children = (
				F458F59C23B0F24F0003180E /* Bullseye */,
				F458F59B23B0F24F0003180E /* Products */,
				F458F5B523B507D80003180E /* Frameworks */,
			);
			sourceTree = "<group>";
		};
		F458F59B23B0F24F0003180E /* Products */ = {
			isa = PBXGroup;
			children = (
				F458F59A23B0F24F0003180E /* Bullseye.app */,
			);
			name = Products;
			sourceTree = "<group>";
		};
		F458F59C23B0F24F0003180E /* Bullseye */ = {
			isa = PBXGroup;
			children = (
				F458F59D23B0F24F0003180E /* AppDelegate.swift */,
				F458F59F23B0F24F0003180E /* SceneDelegate.swift */,
				F458F5B123B4F32A0003180E /* AboutViewController.swift */,
				F458F5A123B0F24F0003180E /* ViewController.swift */,
				F458F5A323B0F24F0003180E /* Main.storyboard */,
				F458F5B323B507390003180E /* Bullseye.html */,
				F458F5A623B0F2530003180E /* Assets.xcassets */,
				F458F5A823B0F2530003180E /* LaunchScreen.storyboard */,
				F458F5AB23B0F2530003180E /* Info.plist */,
			);
			path = Bullseye;
			sourceTree = "<group>";
		};
		F458F5B523B507D80003180E /* Frameworks */ = {
			isa = PBXGroup;
			children = (
				F458F5B623B507D80003180E /* WebKit.framework */,
			);
			name = Frameworks;
			sourceTree = "<group>";
		};
/* End PBXGroup section */

/* Begin PBXNativeTarget section */
		F458F59923B0F24F0003180E /* Bullseye */ = {
			isa = PBXNativeTarget;
			buildConfigurationList = F458F5AE23B0F2530003180E /* Build configuration list for PBXNativeTarget "Bullseye" */;
			buildPhases = (
				F458F59623B0F24F0003180E /* Sources */,
				F458F59723B0F24F0003180E /* Frameworks */,
				F458F59823B0F24F0003180E /* Resources */,
			);
			buildRules = (
			);
			dependencies = (
			);
			name = Bullseye;
			productName = Bullseye;
			productReference = F458F59A23B0F24F0003180E /* Bullseye.app */;
			productType = "com.apple.product-type.application";
		};
/* End PBXNativeTarget section */

/* Begin PBXProject section */
		F458F59223B0F24F0003180E /* Project object */ = {
			isa = PBXProject;
			attributes = {
				LastSwiftUpdateCheck = 1130;
				LastUpgradeCheck = 1130;
				ORGANIZATIONNAME = Lyfebug;
				TargetAttributes = {
					F458F59923B0F24F0003180E = {
						CreatedOnToolsVersion = 11.3;
					};
				};
			};
			buildConfigurationList = F458F59523B0F24F0003180E /* Build configuration list for PBXProject "Bullseye" */;
			compatibilityVersion = "Xcode 9.3";
			developmentRegion = en;
			hasScannedForEncodings = 0;
			knownRegions = (
				en,
				Base,
			);
			mainGroup = F458F59123B0F24F0003180E;
			productRefGroup = F458F59B23B0F24F0003180E /* Products */;
			projectDirPath = "";
			projectRoot = "";
			targets = (
				F458F59923B0F24F0003180E /* Bullseye */,
			);
		};
/* End PBXProject section */

/* Begin PBXResourcesBuildPhase section */
		F458F59823B0F24F0003180E /* Resources */ = {
			isa = PBXResourcesBuildPhase;
			buildActionMask = 2147483647;
			files = (
				F458F5AA23B0F2530003180E /* LaunchScreen.storyboard in Resources */,
				F458F5B423B5073A0003180E /* Bullseye.html in Resources */,
				F458F5A723B0F2530003180E /* Assets.xcassets in Resources */,
				F458F5A523B0F24F0003180E /* Main.storyboard in Resources */,
			);
			runOnlyForDeploymentPostprocessing = 0;
		};
/* End PBXResourcesBuildPhase section */

/* Begin PBXSourcesBuildPhase section */
		F458F59623B0F24F0003180E /* Sources */ = {
			isa = PBXSourcesBuildPhase;
			buildActionMask = 2147483647;
			files = (
				F458F5A223B0F24F0003180E /* ViewController.swift in Sources */,
				F458F59E23B0F24F0003180E /* AppDelegate.swift in Sources */,
				F458F5B223B4F32A0003180E /* AboutViewController.swift in Sources */,
				F458F5A023B0F24F0003180E /* SceneDelegate.swift in Sources */,
			);
			runOnlyForDeploymentPostprocessing = 0;
		};
/* End PBXSourcesBuildPhase section */

/* Begin PBXVariantGroup section */
		F458F5A323B0F24F0003180E /* Main.storyboard */ = {
			isa = PBXVariantGroup;
			children = (
				F458F5A423B0F24F0003180E /* Base */,
			);
			name = Main.storyboard;
			sourceTree = "<group>";
		};
		F458F5A823B0F2530003180E /* LaunchScreen.storyboard */ = {
			isa = PBXVariantGroup;
			children = (
				F458F5A923B0F2530003180E /* Base */,
			);
			name = LaunchScreen.storyboard;
			sourceTree = "<group>";
		};
/* End PBXVariantGroup section */

/* Begin XCBuildConfiguration section */
		F458F5AC23B0F2530003180E /* Debug */ = {
			isa = XCBuildConfiguration;
			buildSettings = {
				ALWAYS_SEARCH_USER_PATHS = NO;
				CLANG_ANALYZER_NONNULL = YES;
				CLANG_ANALYZER_NUMBER_OBJECT_CONVERSION = YES_AGGRESSIVE;
				CLANG_CXX_LANGUAGE_STANDARD = "gnu++14";
				CLANG_CXX_LIBRARY = "libc++";
				CLANG_ENABLE_MODULES = YES;
				CLANG_ENABLE_OBJC_ARC = YES;
				CLANG_ENABLE_OBJC_WEAK = YES;
				CLANG_WARN_BLOCK_CAPTURE_AUTORELEASING = YES;
				CLANG_WARN_BOOL_CONVERSION = YES;
				CLANG_WARN_COMMA = YES;
				CLANG_WARN_CONSTANT_CONVERSION = YES;
				CLANG_WARN_DEPRECATED_OBJC_IMPLEMENTATIONS = YES;
				CLANG_WARN_DIRECT_OBJC_ISA_USAGE = YES_ERROR;
				CLANG_WARN_DOCUMENTATION_COMMENTS = YES;
				CLANG_WARN_EMPTY_BODY = YES;
				CLANG_WARN_ENUM_CONVERSION = YES;
				CLANG_WARN_INFINITE_RECURSION = YES;
				CLANG_WARN_INT_CONVERSION = YES;
				CLANG_WARN_NON_LITERAL_NULL_CONVERSION = YES;
				CLANG_WARN_OBJC_IMPLICIT_RETAIN_SELF = YES;
				CLANG_WARN_OBJC_LITERAL_CONVERSION = YES;
				CLANG_WARN_OBJC_ROOT_CLASS = YES_ERROR;
				CLANG_WARN_RANGE_LOOP_ANALYSIS = YES;
				CLANG_WARN_STRICT_PROTOTYPES = YES;
				CLANG_WARN_SUSPICIOUS_MOVE = YES;
				CLANG_WARN_UNGUARDED_AVAILABILITY = YES_AGGRESSIVE;
				CLANG_WARN_UNREACHABLE_CODE = YES;
				CLANG_WARN__DUPLICATE_METHOD_MATCH = YES;
				COPY_PHASE_STRIP = NO;
				DEBUG_INFORMATION_FORMAT = dwarf;
				ENABLE_STRICT_OBJC_MSGSEND = YES;
				ENABLE_TESTABILITY = YES;
				GCC_C_LANGUAGE_STANDARD = gnu11;
				GCC_DYNAMIC_NO_PIC = NO;
				GCC_NO_COMMON_BLOCKS = YES;
				GCC_OPTIMIZATION_LEVEL = 0;
				GCC_PREPROCESSOR_DEFINITIONS = (
					"DEBUG=1",
					"$(inherited)",
				);
				GCC_WARN_64_TO_32_BIT_CONVERSION = YES;
				GCC_WARN_ABOUT_RETURN_TYPE = YES_ERROR;
				GCC_WARN_UNDECLARED_SELECTOR = YES;
				GCC_WARN_UNINITIALIZED_AUTOS = YES_AGGRESSIVE;
				GCC_WARN_UNUSED_FUNCTION = YES;
				GCC_WARN_UNUSED_VARIABLE = YES;
				IPHONEOS_DEPLOYMENT_TARGET = 13.2;
				MTL_ENABLE_DEBUG_INFO = INCLUDE_SOURCE;
				MTL_FAST_MATH = YES;
				ONLY_ACTIVE_ARCH = YES;
				SDKROOT = iphoneos;
				SWIFT_ACTIVE_COMPILATION_CONDITIONS = DEBUG;
				SWIFT_OPTIMIZATION_LEVEL = "-Onone";
			};
			name = Debug;
		};
		F458F5AD23B0F2530003180E /* Release */ = {
			isa = XCBuildConfiguration;
			buildSettings = {
				ALWAYS_SEARCH_USER_PATHS = NO;
				CLANG_ANALYZER_NONNULL = YES;
				CLANG_ANALYZER_NUMBER_OBJECT_CONVERSION = YES_AGGRESSIVE;
				CLANG_CXX_LANGUAGE_STANDARD = "gnu++14";
				CLANG_CXX_LIBRARY = "libc++";
				CLANG_ENABLE_MODULES = YES;
				CLANG_ENABLE_OBJC_ARC = YES;
				CLANG_ENABLE_OBJC_WEAK = YES;
				CLANG_WARN_BLOCK_CAPTURE_AUTORELEASING = YES;
				CLANG_WARN_BOOL_CONVERSION = YES;
				CLANG_WARN_COMMA = YES;
				CLANG_WARN_CONSTANT_CONVERSION = YES;
				CLANG_WARN_DEPRECATED_OBJC_IMPLEMENTATIONS = YES;
				CLANG_WARN_DIRECT_OBJC_ISA_USAGE = YES_ERROR;
				CLANG_WARN_DOCUMENTATION_COMMENTS = YES;
				CLANG_WARN_EMPTY_BODY = YES;
				CLANG_WARN_ENUM_CONVERSION = YES;
				CLANG_WARN_INFINITE_RECURSION = YES;
				CLANG_WARN_INT_CONVERSION = YES;
				CLANG_WARN_NON_LITERAL_NULL_CONVERSION = YES;
				CLANG_WARN_OBJC_IMPLICIT_RETAIN_SELF = YES;
				CLANG_WARN_OBJC_LITERAL_CONVERSION = YES;
				CLANG_WARN_OBJC_ROOT_CLASS = YES_ERROR;
				CLANG_WARN_RANGE_LOOP_ANALYSIS = YES;
				CLANG_WARN_STRICT_PROTOTYPES = YES;
				CLANG_WARN_SUSPICIOUS_MOVE = YES;
				CLANG_WARN_UNGUARDED_AVAILABILITY = YES_AGGRESSIVE;
				CLANG_WARN_UNREACHABLE_CODE = YES;
				CLANG_WARN__DUPLICATE_METHOD_MATCH = YES;
				COPY_PHASE_STRIP = NO;
				DEBUG_INFORMATION_FORMAT = "dwarf-with-dsym";
				ENABLE_NS_ASSERTIONS = NO;
				ENABLE_STRICT_OBJC_MSGSEND = YES;
				GCC_C_LANGUAGE_STANDARD = gnu11;
				GCC_NO_COMMON_BLOCKS = YES;
				GCC_WARN_64_TO_32_BIT_CONVERSION = YES;
				GCC_WARN_ABOUT_RETURN_TYPE = YES_ERROR;
				GCC_WARN_UNDECLARED_SELECTOR = YES;
				GCC_WARN_UNINITIALIZED_AUTOS = YES_AGGRESSIVE;
				GCC_WARN_UNUSED_FUNCTION = YES;
				GCC_WARN_UNUSED_VARIABLE = YES;
				IPHONEOS_DEPLOYMENT_TARGET = 13.2;
				MTL_ENABLE_DEBUG_INFO = NO;
				MTL_FAST_MATH = YES;
				SDKROOT = iphoneos;
				SWIFT_COMPILATION_MODE = wholemodule;
				SWIFT_OPTIMIZATION_LEVEL = "-O";
				VALIDATE_PRODUCT = YES;
			};
			name = Release;
		};
		F458F5AF23B0F2530003180E /* Debug */ = {
			isa = XCBuildConfiguration;
			buildSettings = {
				ASSETCATALOG_COMPILER_APPICON_NAME = AppIcon;
				CODE_SIGN_STYLE = Automatic;
				DEVELOPMENT_TEAM = L3F6RMQTHU;
				INFOPLIST_FILE = Bullseye/Info.plist;
				LD_RUNPATH_SEARCH_PATHS = (
					"$(inherited)",
					"@executable_path/Frameworks",
				);
				PRODUCT_BUNDLE_IDENTIFIER = com.lyfebug.Bullseye;
				PRODUCT_NAME = "$(TARGET_NAME)";
				SWIFT_VERSION = 5.0;
				TARGETED_DEVICE_FAMILY = "1,2";
			};
			name = Debug;
		};
		F458F5B023B0F2530003180E /* Release */ = {
			isa = XCBuildConfiguration;
			buildSettings = {
				ASSETCATALOG_COMPILER_APPICON_NAME = AppIcon;
				CODE_SIGN_STYLE = Automatic;
				DEVELOPMENT_TEAM = L3F6RMQTHU;
				INFOPLIST_FILE = Bullseye/Info.plist;
				LD_RUNPATH_SEARCH_PATHS = (
					"$(inherited)",
					"@executable_path/Frameworks",
				);
				PRODUCT_BUNDLE_IDENTIFIER = com.lyfebug.Bullseye;
				PRODUCT_NAME = "$(TARGET_NAME)";
				SWIFT_VERSION = 5.0;
				TARGETED_DEVICE_FAMILY = "1,2";
			};
			name = Release;
		};
/* End XCBuildConfiguration section */

/* Begin XCConfigurationList section */
		F458F59523B0F24F0003180E /* Build configuration list for PBXProject "Bullseye" */ = {
			isa = XCConfigurationList;
			buildConfigurations = (
				F458F5AC23B0F2530003180E /* Debug */,
				F458F5AD23B0F2530003180E /* Release */,
			);
			defaultConfigurationIsVisible = 0;
			defaultConfigurationName = Release;
		};
		F458F5AE23B0F2530003180E /* Build configuration list for PBXNativeTarget "Bullseye" */ = {
			isa = XCConfigurationList;
			buildConfigurations = (
				F458F5AF23B0F2530003180E /* Debug */,
				F458F5B023B0F2530003180E /* Release */,
			);
			defaultConfigurationIsVisible = 0;
			defaultConfigurationName = Release;
		};
/* End XCConfigurationList section */
	};
	rootObject = F458F59223B0F24F0003180E /* Project object */;
}
