// !$*UTF8*$!
{
	archiveVersion = 1;
	classes = {
	};
	objectVersion = 50;
	objects = {

/* Begin PBXBuildFile section */
		F410C2F323A8DA3E005849AD /* AppDelegate.swift in Sources */ = {isa = PBXBuildFile; fileRef = F410C2F223A8DA3E005849AD /* AppDelegate.swift */; };
		F410C2F523A8DA3E005849AD /* SceneDelegate.swift in Sources */ = {isa = PBXBuildFile; fileRef = F410C2F423A8DA3E005849AD /* SceneDelegate.swift */; };
		F410C2F723A8DA3E005849AD /* ChecklistView.swift in Sources */ = {isa = PBXBuildFile; fileRef = F410C2F623A8DA3E005849AD /* ChecklistView.swift */; };
		F410C2F923A8DA42005849AD /* Assets.xcassets in Resources */ = {isa = PBXBuildFile; fileRef = F410C2F823A8DA42005849AD /* Assets.xcassets */; };
		F410C2FC23A8DA42005849AD /* Preview Assets.xcassets in Resources */ = {isa = PBXBuildFile; fileRef = F410C2FB23A8DA42005849AD /* Preview Assets.xcassets */; };
		F410C2FF23A8DA42005849AD /* LaunchScreen.storyboard in Resources */ = {isa = PBXBuildFile; fileRef = F410C2FD23A8DA42005849AD /* LaunchScreen.storyboard */; };
		F416E6B723ACC9500084A819 /* ChecklistItem.swift in Sources */ = {isa = PBXBuildFile; fileRef = F416E6B623ACC9500084A819 /* ChecklistItem.swift */; };
		F416E6B923ACCA510084A819 /* Checklist.swift in Sources */ = {isa = PBXBuildFile; fileRef = F416E6B823ACCA510084A819 /* Checklist.swift */; };
/* End PBXBuildFile section */

/* Begin PBXFileReference section */
		F410C2EF23A8DA3E005849AD /* CheckList.app */ = {isa = PBXFileReference; explicitFileType = wrapper.application; includeInIndex = 0; path = CheckList.app; sourceTree = BUILT_PRODUCTS_DIR; };
		F410C2F223A8DA3E005849AD /* AppDelegate.swift */ = {isa = PBXFileReference; lastKnownFileType = sourcecode.swift; path = AppDelegate.swift; sourceTree = "<group>"; };
		F410C2F423A8DA3E005849AD /* SceneDelegate.swift */ = {isa = PBXFileReference; lastKnownFileType = sourcecode.swift; path = SceneDelegate.swift; sourceTree = "<group>"; };
		F410C2F623A8DA3E005849AD /* ChecklistView.swift */ = {isa = PBXFileReference; lastKnownFileType = sourcecode.swift; path = ChecklistView.swift; sourceTree = "<group>"; };
		F410C2F823A8DA42005849AD /* Assets.xcassets */ = {isa = PBXFileReference; lastKnownFileType = folder.assetcatalog; path = Assets.xcassets; sourceTree = "<group>"; };
		F410C2FB23A8DA42005849AD /* Preview Assets.xcassets */ = {isa = PBXFileReference; lastKnownFileType = folder.assetcatalog; path = "Preview Assets.xcassets"; sourceTree = "<group>"; };
		F410C2FE23A8DA42005849AD /* Base */ = {isa = PBXFileReference; lastKnownFileType = file.storyboard; name = Base; path = Base.lproj/LaunchScreen.storyboard; sourceTree = "<group>"; };
		F410C30023A8DA42005849AD /* Info.plist */ = {isa = PBXFileReference; lastKnownFileType = text.plist.xml; path = Info.plist; sourceTree = "<group>"; };
		F416E6B623ACC9500084A819 /* ChecklistItem.swift */ = {isa = PBXFileReference; lastKnownFileType = sourcecode.swift; path = ChecklistItem.swift; sourceTree = "<group>"; };
		F416E6B823ACCA510084A819 /* Checklist.swift */ = {isa = PBXFileReference; lastKnownFileType = sourcecode.swift; path = Checklist.swift; sourceTree = "<group>"; };
/* End PBXFileReference section */

/* Begin PBXFrameworksBuildPhase section */
		F410C2EC23A8DA3E005849AD /* Frameworks */ = {
			isa = PBXFrameworksBuildPhase;
			buildActionMask = 2147483647;
			files = (
			);
			runOnlyForDeploymentPostprocessing = 0;
		};
/* End PBXFrameworksBuildPhase section */

/* Begin PBXGroup section */
		F410C2E623A8DA3E005849AD = {
			isa = PBXGroup;
			children = (
				F410C2F123A8DA3E005849AD /* CheckList */,
				F410C2F023A8DA3E005849AD /* Products */,
			);
			sourceTree = "<group>";
		};
		F410C2F023A8DA3E005849AD /* Products */ = {
			isa = PBXGroup;
			children = (
				F410C2EF23A8DA3E005849AD /* CheckList.app */,
			);
			name = Products;
			sourceTree = "<group>";
		};
		F410C2F123A8DA3E005849AD /* CheckList */ = {
			isa = PBXGroup;
			children = (
				F410C2F223A8DA3E005849AD /* AppDelegate.swift */,
				F410C2F423A8DA3E005849AD /* SceneDelegate.swift */,
				F410C2F823A8DA42005849AD /* Assets.xcassets */,
				F410C2FD23A8DA42005849AD /* LaunchScreen.storyboard */,
				F410C30023A8DA42005849AD /* Info.plist */,
				F410C2FA23A8DA42005849AD /* Preview Content */,
				F410C2F623A8DA3E005849AD /* ChecklistView.swift */,
				F416E6B823ACCA510084A819 /* Checklist.swift */,
				F416E6B623ACC9500084A819 /* ChecklistItem.swift */,
			);
			path = CheckList;
			sourceTree = "<group>";
		};
		F410C2FA23A8DA42005849AD /* Preview Content */ = {
			isa = PBXGroup;
			children = (
				F410C2FB23A8DA42005849AD /* Preview Assets.xcassets */,
			);
			path = "Preview Content";
			sourceTree = "<group>";
		};
/* End PBXGroup section */

/* Begin PBXNativeTarget section */
		F410C2EE23A8DA3E005849AD /* CheckList */ = {
			isa = PBXNativeTarget;
			buildConfigurationList = F410C30323A8DA42005849AD /* Build configuration list for PBXNativeTarget "CheckList" */;
			buildPhases = (
				F410C2EB23A8DA3E005849AD /* Sources */,
				F410C2EC23A8DA3E005849AD /* Frameworks */,
				F410C2ED23A8DA3E005849AD /* Resources */,
			);
			buildRules = (
			);
			dependencies = (
			);
			name = CheckList;
			productName = CheckList;
			productReference = F410C2EF23A8DA3E005849AD /* CheckList.app */;
			productType = "com.apple.product-type.application";
		};
/* End PBXNativeTarget section */

/* Begin PBXProject section */
		F410C2E723A8DA3E005849AD /* Project object */ = {
			isa = PBXProject;
			attributes = {
				LastSwiftUpdateCheck = 1130;
				LastUpgradeCheck = 1130;
				ORGANIZATIONNAME = Rami;
				TargetAttributes = {
					F410C2EE23A8DA3E005849AD = {
						CreatedOnToolsVersion = 11.3;
					};
				};
			};
			buildConfigurationList = F410C2EA23A8DA3E005849AD /* Build configuration list for PBXProject "CheckList" */;
			compatibilityVersion = "Xcode 9.3";
			developmentRegion = en;
			hasScannedForEncodings = 0;
			knownRegions = (
				en,
				Base,
			);
			mainGroup = F410C2E623A8DA3E005849AD;
			productRefGroup = F410C2F023A8DA3E005849AD /* Products */;
			projectDirPath = "";
			projectRoot = "";
			targets = (
				F410C2EE23A8DA3E005849AD /* CheckList */,
			);
		};
/* End PBXProject section */

/* Begin PBXResourcesBuildPhase section */
		F410C2ED23A8DA3E005849AD /* Resources */ = {
			isa = PBXResourcesBuildPhase;
			buildActionMask = 2147483647;
			files = (
				F410C2FF23A8DA42005849AD /* LaunchScreen.storyboard in Resources */,
				F410C2FC23A8DA42005849AD /* Preview Assets.xcassets in Resources */,
				F410C2F923A8DA42005849AD /* Assets.xcassets in Resources */,
			);
			runOnlyForDeploymentPostprocessing = 0;
		};
/* End PBXResourcesBuildPhase section */

/* Begin PBXSourcesBuildPhase section */
		F410C2EB23A8DA3E005849AD /* Sources */ = {
			isa = PBXSourcesBuildPhase;
			buildActionMask = 2147483647;
			files = (
				F416E6B923ACCA510084A819 /* Checklist.swift in Sources */,
				F410C2F323A8DA3E005849AD /* AppDelegate.swift in Sources */,
				F410C2F523A8DA3E005849AD /* SceneDelegate.swift in Sources */,
				F410C2F723A8DA3E005849AD /* ChecklistView.swift in Sources */,
				F416E6B723ACC9500084A819 /* ChecklistItem.swift in Sources */,
			);
			runOnlyForDeploymentPostprocessing = 0;
		};
/* End PBXSourcesBuildPhase section */

/* Begin PBXVariantGroup section */
		F410C2FD23A8DA42005849AD /* LaunchScreen.storyboard */ = {
			isa = PBXVariantGroup;
			children = (
				F410C2FE23A8DA42005849AD /* Base */,
			);
			name = LaunchScreen.storyboard;
			sourceTree = "<group>";
		};
/* End PBXVariantGroup section */

/* Begin XCBuildConfiguration section */
		F410C30123A8DA42005849AD /* Debug */ = {
			isa = XCBuildConfiguration;
			buildSettings = {
				ALWAYS_SEARCH_USER_PATHS = NO;
				CLANG_ANALYZER_NONNULL = YES;
				CLANG_ANALYZER_NUMBER_OBJECT_CONVERSION = YES_AGGRESSIVE;
				CLANG_CXX_LANGUAGE_STANDARD = "gnu++14";
				CLANG_CXX_LIBRARY = "libc++";
				CLANG_ENABLE_MODULES = YES;
				CLANG_ENABLE_OBJC_ARC = YES;
				CLANG_ENABLE_OBJC_WEAK = YES;
				CLANG_WARN_BLOCK_CAPTURE_AUTORELEASING = YES;
				CLANG_WARN_BOOL_CONVERSION = YES;
				CLANG_WARN_COMMA = YES;
				CLANG_WARN_CONSTANT_CONVERSION = YES;
				CLANG_WARN_DEPRECATED_OBJC_IMPLEMENTATIONS = YES;
				CLANG_WARN_DIRECT_OBJC_ISA_USAGE = YES_ERROR;
				CLANG_WARN_DOCUMENTATION_COMMENTS = YES;
				CLANG_WARN_EMPTY_BODY = YES;
				CLANG_WARN_ENUM_CONVERSION = YES;
				CLANG_WARN_INFINITE_RECURSION = YES;
				CLANG_WARN_INT_CONVERSION = YES;
				CLANG_WARN_NON_LITERAL_NULL_CONVERSION = YES;
				CLANG_WARN_OBJC_IMPLICIT_RETAIN_SELF = YES;
				CLANG_WARN_OBJC_LITERAL_CONVERSION = YES;
				CLANG_WARN_OBJC_ROOT_CLASS = YES_ERROR;
				CLANG_WARN_RANGE_LOOP_ANALYSIS = YES;
				CLANG_WARN_STRICT_PROTOTYPES = YES;
				CLANG_WARN_SUSPICIOUS_MOVE = YES;
				CLANG_WARN_UNGUARDED_AVAILABILITY = YES_AGGRESSIVE;
				CLANG_WARN_UNREACHABLE_CODE = YES;
				CLANG_WARN__DUPLICATE_METHOD_MATCH = YES;
				COPY_PHASE_STRIP = NO;
				DEBUG_INFORMATION_FORMAT = dwarf;
				ENABLE_STRICT_OBJC_MSGSEND = YES;
				ENABLE_TESTABILITY = YES;
				GCC_C_LANGUAGE_STANDARD = gnu11;
				GCC_DYNAMIC_NO_PIC = NO;
				GCC_NO_COMMON_BLOCKS = YES;
				GCC_OPTIMIZATION_LEVEL = 0;
				GCC_PREPROCESSOR_DEFINITIONS = (
					"DEBUG=1",
					"$(inherited)",
				);
				GCC_WARN_64_TO_32_BIT_CONVERSION = YES;
				GCC_WARN_ABOUT_RETURN_TYPE = YES_ERROR;
				GCC_WARN_UNDECLARED_SELECTOR = YES;
				GCC_WARN_UNINITIALIZED_AUTOS = YES_AGGRESSIVE;
				GCC_WARN_UNUSED_FUNCTION = YES;
				GCC_WARN_UNUSED_VARIABLE = YES;
				IPHONEOS_DEPLOYMENT_TARGET = 13.2;
				MTL_ENABLE_DEBUG_INFO = INCLUDE_SOURCE;
				MTL_FAST_MATH = YES;
				ONLY_ACTIVE_ARCH = YES;
				SDKROOT = iphoneos;
				SWIFT_ACTIVE_COMPILATION_CONDITIONS = DEBUG;
				SWIFT_OPTIMIZATION_LEVEL = "-Onone";
			};
			name = Debug;
		};
		F410C30223A8DA42005849AD /* Release */ = {
			isa = XCBuildConfiguration;
			buildSettings = {
				ALWAYS_SEARCH_USER_PATHS = NO;
				CLANG_ANALYZER_NONNULL = YES;
				CLANG_ANALYZER_NUMBER_OBJECT_CONVERSION = YES_AGGRESSIVE;
				CLANG_CXX_LANGUAGE_STANDARD = "gnu++14";
				CLANG_CXX_LIBRARY = "libc++";
				CLANG_ENABLE_MODULES = YES;
				CLANG_ENABLE_OBJC_ARC = YES;
				CLANG_ENABLE_OBJC_WEAK = YES;
				CLANG_WARN_BLOCK_CAPTURE_AUTORELEASING = YES;
				CLANG_WARN_BOOL_CONVERSION = YES;
				CLANG_WARN_COMMA = YES;
				CLANG_WARN_CONSTANT_CONVERSION = YES;
				CLANG_WARN_DEPRECATED_OBJC_IMPLEMENTATIONS = YES;
				CLANG_WARN_DIRECT_OBJC_ISA_USAGE = YES_ERROR;
				CLANG_WARN_DOCUMENTATION_COMMENTS = YES;
				CLANG_WARN_EMPTY_BODY = YES;
				CLANG_WARN_ENUM_CONVERSION = YES;
				CLANG_WARN_INFINITE_RECURSION = YES;
				CLANG_WARN_INT_CONVERSION = YES;
				CLANG_WARN_NON_LITERAL_NULL_CONVERSION = YES;
				CLANG_WARN_OBJC_IMPLICIT_RETAIN_SELF = YES;
				CLANG_WARN_OBJC_LITERAL_CONVERSION = YES;
				CLANG_WARN_OBJC_ROOT_CLASS = YES_ERROR;
				CLANG_WARN_RANGE_LOOP_ANALYSIS = YES;
				CLANG_WARN_STRICT_PROTOTYPES = YES;
				CLANG_WARN_SUSPICIOUS_MOVE = YES;
				CLANG_WARN_UNGUARDED_AVAILABILITY = YES_AGGRESSIVE;
				CLANG_WARN_UNREACHABLE_CODE = YES;
				CLANG_WARN__DUPLICATE_METHOD_MATCH = YES;
				COPY_PHASE_STRIP = NO;
				DEBUG_INFORMATION_FORMAT = "dwarf-with-dsym";
				ENABLE_NS_ASSERTIONS = NO;
				ENABLE_STRICT_OBJC_MSGSEND = YES;
				GCC_C_LANGUAGE_STANDARD = gnu11;
				GCC_NO_COMMON_BLOCKS = YES;
				GCC_WARN_64_TO_32_BIT_CONVERSION = YES;
				GCC_WARN_ABOUT_RETURN_TYPE = YES_ERROR;
				GCC_WARN_UNDECLARED_SELECTOR = YES;
				GCC_WARN_UNINITIALIZED_AUTOS = YES_AGGRESSIVE;
				GCC_WARN_UNUSED_FUNCTION = YES;
				GCC_WARN_UNUSED_VARIABLE = YES;
				IPHONEOS_DEPLOYMENT_TARGET = 13.2;
				MTL_ENABLE_DEBUG_INFO = NO;
				MTL_FAST_MATH = YES;
				SDKROOT = iphoneos;
				SWIFT_COMPILATION_MODE = wholemodule;
				SWIFT_OPTIMIZATION_LEVEL = "-O";
				VALIDATE_PRODUCT = YES;
			};
			name = Release;
		};
		F410C30423A8DA42005849AD /* Debug */ = {
			isa = XCBuildConfiguration;
			buildSettings = {
				ASSETCATALOG_COMPILER_APPICON_NAME = AppIcon;
				CODE_SIGN_STYLE = Automatic;
				DEVELOPMENT_ASSET_PATHS = "\"CheckList/Preview Content\"";
				DEVELOPMENT_TEAM = L3F6RMQTHU;
				ENABLE_PREVIEWS = YES;
				INFOPLIST_FILE = CheckList/Info.plist;
				LD_RUNPATH_SEARCH_PATHS = (
					"$(inherited)",
					"@executable_path/Frameworks",
				);
				PRODUCT_BUNDLE_IDENTIFIER = com.lyfebug.CheckList;
				PRODUCT_NAME = "$(TARGET_NAME)";
				SWIFT_VERSION = 5.0;
				TARGETED_DEVICE_FAMILY = "1,2";
			};
			name = Debug;
		};
		F410C30523A8DA42005849AD /* Release */ = {
			isa = XCBuildConfiguration;
			buildSettings = {
				ASSETCATALOG_COMPILER_APPICON_NAME = AppIcon;
				CODE_SIGN_STYLE = Automatic;
				DEVELOPMENT_ASSET_PATHS = "\"CheckList/Preview Content\"";
				DEVELOPMENT_TEAM = L3F6RMQTHU;
				ENABLE_PREVIEWS = YES;
				INFOPLIST_FILE = CheckList/Info.plist;
				LD_RUNPATH_SEARCH_PATHS = (
					"$(inherited)",
					"@executable_path/Frameworks",
				);
				PRODUCT_BUNDLE_IDENTIFIER = com.lyfebug.CheckList;
				PRODUCT_NAME = "$(TARGET_NAME)";
				SWIFT_VERSION = 5.0;
				TARGETED_DEVICE_FAMILY = "1,2";
			};
			name = Release;
		};
/* End XCBuildConfiguration section */

/* Begin XCConfigurationList section */
		F410C2EA23A8DA3E005849AD /* Build configuration list for PBXProject "CheckList" */ = {
			isa = XCConfigurationList;
			buildConfigurations = (
				F410C30123A8DA42005849AD /* Debug */,
				F410C30223A8DA42005849AD /* Release */,
			);
			defaultConfigurationIsVisible = 0;
			defaultConfigurationName = Release;
		};
		F410C30323A8DA42005849AD /* Build configuration list for PBXNativeTarget "CheckList" */ = {
			isa = XCConfigurationList;
			buildConfigurations = (
				F410C30423A8DA42005849AD /* Debug */,
				F410C30523A8DA42005849AD /* Release */,
			);
			defaultConfigurationIsVisible = 0;
			defaultConfigurationName = Release;
		};
/* End XCConfigurationList section */
	};
	rootObject = F410C2E723A8DA3E005849AD /* Project object */;
}
